github.com/davecgh/go-spew v1.1.1 h1:vj9j/u1bqnvCEfJOwUhtlOARqs3+rkHYY13jYWTU97c=
github.com/joho/godotenv v1.4.0 h1:3l4+N6zfMWnkbPEXKng2o2/MR5mSwTrBih4ZEkkz1lg=
github.com/joho/godotenv v1.4.0/go.mod h1:f4LDr5Voq0i2e/R5DDNOoa2zzDfwtkZa6DnEwAbqwq4=
github.com/pmezard/go-difflib v1.0.0 h1:4DBwDE0NGyQoBHbLQYPwSUPoCMWR5BEzIk/f1lZbAQM=
github.com/stretchr/testify v1.8.0 h1:pSgiaMZlXftHpm5L7V1+rVB+AZJydKsMxsQBIJw4PKk=
github.com/vikpe/go-ezquake v0.1.3 h1:TRACgh8sweisVWwmM6gZTFUGl/hTVn2SpETuaRZu5kg=
github.com/vikpe/go-ezquake v0.1.3/go.mod h1:taxZ68rlgsz5keyzhMZAFHuWdOq4AMGB+xhcrjHqR58=
golang.org/x/exp v0.0.0-20220915105810-2d61f44442a3 h1:RH7svKeovtQ5gnefD4fLF5HrsoIpXiZk7VX6XNzurBQ=
gopkg.in/yaml.v3 v3.0.1 h1:fxVm/GzAzEWqLHuvctI91KS9hhNmmWOoWu0XTYJS7CA=
